// !$*UTF8*$!
{
	archiveVersion = 1;
	classes = {
	};
	objectVersion = 56;
	objects = {

/* Begin PBXBuildFile section */
		7407857229A4D4F200CE2AE9 /* Debouncer.swift in Sources */ = {isa = PBXBuildFile; fileRef = 7407857129A4D4F200CE2AE9 /* Debouncer.swift */; };
		744C5C79299EBFFE00C0318F /* FavoriteVC.swift in Sources */ = {isa = PBXBuildFile; fileRef = 744C5C78299EBFFE00C0318F /* FavoriteVC.swift */; };
		744C5C7B299EEE9000C0318F /* Response.swift in Sources */ = {isa = PBXBuildFile; fileRef = 744C5C7A299EEE9000C0318F /* Response.swift */; };
		749157DB29A4EDDD002F1643 /* SearchResuableView.swift in Sources */ = {isa = PBXBuildFile; fileRef = 749157DA29A4EDDD002F1643 /* SearchResuableView.swift */; };
		749157DD29A61B34002F1643 /* TitleSupplementaryView.swift in Sources */ = {isa = PBXBuildFile; fileRef = 749157DC29A61B34002F1643 /* TitleSupplementaryView.swift */; };
		749157DF29A61BD9002F1643 /* ResourceCell.swift in Sources */ = {isa = PBXBuildFile; fileRef = 749157DE29A61BD9002F1643 /* ResourceCell.swift */; };
		749157E129A6259E002F1643 /* DetailVm.swift in Sources */ = {isa = PBXBuildFile; fileRef = 749157E029A6259E002F1643 /* DetailVm.swift */; };
		749157E329A6272F002F1643 /* Storie.swift in Sources */ = {isa = PBXBuildFile; fileRef = 749157E229A6272F002F1643 /* Storie.swift */; };
		749157E529A627A4002F1643 /* Event.swift in Sources */ = {isa = PBXBuildFile; fileRef = 749157E429A627A4002F1643 /* Event.swift */; };
		749157E729A62855002F1643 /* Serie.swift in Sources */ = {isa = PBXBuildFile; fileRef = 749157E629A62855002F1643 /* Serie.swift */; };
		749157E929A75E1B002F1643 /* ImageFetcher.swift in Sources */ = {isa = PBXBuildFile; fileRef = 749157E829A75E1B002F1643 /* ImageFetcher.swift */; };
		749157EC29A7B78A002F1643 /* FavoritesVM.swift in Sources */ = {isa = PBXBuildFile; fileRef = 749157EB29A7B78A002F1643 /* FavoritesVM.swift */; };
		74D8AF6C2993BC66008D5B62 /* AppDelegate.swift in Sources */ = {isa = PBXBuildFile; fileRef = 74D8AF6B2993BC66008D5B62 /* AppDelegate.swift */; };
		74D8AF6E2993BC66008D5B62 /* SceneDelegate.swift in Sources */ = {isa = PBXBuildFile; fileRef = 74D8AF6D2993BC66008D5B62 /* SceneDelegate.swift */; };
		74D8AF702993BC66008D5B62 /* HeroListVC.swift in Sources */ = {isa = PBXBuildFile; fileRef = 74D8AF6F2993BC66008D5B62 /* HeroListVC.swift */; };
		74D8AF752993BC67008D5B62 /* Assets.xcassets in Resources */ = {isa = PBXBuildFile; fileRef = 74D8AF742993BC67008D5B62 /* Assets.xcassets */; };
		74D8AF782993BC67008D5B62 /* LaunchScreen.storyboard in Resources */ = {isa = PBXBuildFile; fileRef = 74D8AF762993BC67008D5B62 /* LaunchScreen.storyboard */; };
		74D8AF872993BDB4008D5B62 /* TabbarController.swift in Sources */ = {isa = PBXBuildFile; fileRef = 74D8AF862993BDB4008D5B62 /* TabbarController.swift */; };
		74D8AF8A2993C50C008D5B62 /* String+Ext.swift in Sources */ = {isa = PBXBuildFile; fileRef = 74D8AF892993C50C008D5B62 /* String+Ext.swift */; };
		74D8AF912993F861008D5B62 /* Characters.swift in Sources */ = {isa = PBXBuildFile; fileRef = 74D8AF902993F861008D5B62 /* Characters.swift */; };
		74D8AF9329942987008D5B62 /* UrlConstants.swift in Sources */ = {isa = PBXBuildFile; fileRef = 74D8AF9229942987008D5B62 /* UrlConstants.swift */; };
		74D8AF9729943017008D5B62 /* ErrorMessages.swift in Sources */ = {isa = PBXBuildFile; fileRef = 74D8AF9629943017008D5B62 /* ErrorMessages.swift */; };
		74D8AF9F29951737008D5B62 /* MrLabel.swift in Sources */ = {isa = PBXBuildFile; fileRef = 74D8AF9E29951737008D5B62 /* MrLabel.swift */; };
		74D8AFA4299518F5008D5B62 /* HeroCell.swift in Sources */ = {isa = PBXBuildFile; fileRef = 74D8AFA3299518F5008D5B62 /* HeroCell.swift */; };
		74D8AFA729951945008D5B62 /* ImageView.swift in Sources */ = {isa = PBXBuildFile; fileRef = 74D8AFA629951945008D5B62 /* ImageView.swift */; };
		74D8AFA92995197E008D5B62 /* Constans.swift in Sources */ = {isa = PBXBuildFile; fileRef = 74D8AFA82995197E008D5B62 /* Constans.swift */; };
		74D8AFAB29953CA5008D5B62 /* UIView+Ext.swift in Sources */ = {isa = PBXBuildFile; fileRef = 74D8AFAA29953CA5008D5B62 /* UIView+Ext.swift */; };
		74D8AFB22996983B008D5B62 /* UIViewController+Ext.swift in Sources */ = {isa = PBXBuildFile; fileRef = 74D8AFB12996983B008D5B62 /* UIViewController+Ext.swift */; };
		74D8AFBB29969B64008D5B62 /* MrButton.swift in Sources */ = {isa = PBXBuildFile; fileRef = 74D8AFBA29969B64008D5B62 /* MrButton.swift */; };
		74D8AFBD29996421008D5B62 /* Comics.swift in Sources */ = {isa = PBXBuildFile; fileRef = 74D8AFBC29996421008D5B62 /* Comics.swift */; };
		74D8AFBF299A351F008D5B62 /* Thumbnail.swift in Sources */ = {isa = PBXBuildFile; fileRef = 74D8AFBE299A351F008D5B62 /* Thumbnail.swift */; };
		74D8AFC5299D20BA008D5B62 /* Theme.swift in Sources */ = {isa = PBXBuildFile; fileRef = 74D8AFC4299D20BA008D5B62 /* Theme.swift */; };
		74D8AFF8299E81D3008D5B62 /* DetailVC.swift in Sources */ = {isa = PBXBuildFile; fileRef = 74D8AFF7299E81D3008D5B62 /* DetailVC.swift */; };
		74EB1D2B29A11BC40019569D /* FavoritesButton.swift in Sources */ = {isa = PBXBuildFile; fileRef = 74EB1D2A29A11BC40019569D /* FavoritesButton.swift */; };
		74EB1D2D29A178A90019569D /* DisplayableResource.swift in Sources */ = {isa = PBXBuildFile; fileRef = 74EB1D2C29A178A90019569D /* DisplayableResource.swift */; };
		74EB1D2F29A260CF0019569D /* CharacterRequest.swift in Sources */ = {isa = PBXBuildFile; fileRef = 74EB1D2E29A260CF0019569D /* CharacterRequest.swift */; };
		74EB1D3129A262080019569D /* Query.swift in Sources */ = {isa = PBXBuildFile; fileRef = 74EB1D3029A262080019569D /* Query.swift */; };
		74EB1D3329A2633C0019569D /* Array+Ext.swift in Sources */ = {isa = PBXBuildFile; fileRef = 74EB1D3229A2633C0019569D /* Array+Ext.swift */; };
		74EB1D3529A2657C0019569D /* Server.swift in Sources */ = {isa = PBXBuildFile; fileRef = 74EB1D3429A2657C0019569D /* Server.swift */; };
		74EB1D3729A26CE00019569D /* Int+Ext.swift in Sources */ = {isa = PBXBuildFile; fileRef = 74EB1D3629A26CE00019569D /* Int+Ext.swift */; };
		74EB1D3929A26E340019569D /* RequestLoader.swift in Sources */ = {isa = PBXBuildFile; fileRef = 74EB1D3829A26E340019569D /* RequestLoader.swift */; };
		74EB1D3B29A270FD0019569D /* CharacterRequestManager.swift in Sources */ = {isa = PBXBuildFile; fileRef = 74EB1D3A29A270FD0019569D /* CharacterRequestManager.swift */; };
		74EB1D3F29A2DB8A0019569D /* DataSource+SnapShot.swift in Sources */ = {isa = PBXBuildFile; fileRef = 74EB1D3E29A2DB8A0019569D /* DataSource+SnapShot.swift */; };
		74EB1D4229A2E30F0019569D /* UserFriendlyError.swift in Sources */ = {isa = PBXBuildFile; fileRef = 74EB1D4129A2E30F0019569D /* UserFriendlyError.swift */; };
		74EB1D4429A39B9D0019569D /* HeroListVM.swift in Sources */ = {isa = PBXBuildFile; fileRef = 74EB1D4329A39B9D0019569D /* HeroListVM.swift */; };
		74EB1D4A29A3ADC00019569D /* LoaderResuableView.swift in Sources */ = {isa = PBXBuildFile; fileRef = 74EB1D4929A3ADC00019569D /* LoaderResuableView.swift */; };
		74EB1D4C29A3AE210019569D /* UICollectionViewLayoutGenerator.swift in Sources */ = {isa = PBXBuildFile; fileRef = 74EB1D4B29A3AE210019569D /* UICollectionViewLayoutGenerator.swift */; };
		74EC2DDC29A4CBD300F2C5A7 /* SearchResultVC.swift in Sources */ = {isa = PBXBuildFile; fileRef = 74EC2DDB29A4CBD300F2C5A7 /* SearchResultVC.swift */; };
		74EC2DDE29A4CBDA00F2C5A7 /* SearchResultVM.swift in Sources */ = {isa = PBXBuildFile; fileRef = 74EC2DDD29A4CBDA00F2C5A7 /* SearchResultVM.swift */; };
/* End PBXBuildFile section */

/* Begin PBXFileReference section */
		7407857129A4D4F200CE2AE9 /* Debouncer.swift */ = {isa = PBXFileReference; lastKnownFileType = sourcecode.swift; path = Debouncer.swift; sourceTree = "<group>"; };
		744C5C78299EBFFE00C0318F /* FavoriteVC.swift */ = {isa = PBXFileReference; lastKnownFileType = sourcecode.swift; path = FavoriteVC.swift; sourceTree = "<group>"; };
		744C5C7A299EEE9000C0318F /* Response.swift */ = {isa = PBXFileReference; lastKnownFileType = sourcecode.swift; path = Response.swift; sourceTree = "<group>"; };
		749157DA29A4EDDD002F1643 /* SearchResuableView.swift */ = {isa = PBXFileReference; lastKnownFileType = sourcecode.swift; path = SearchResuableView.swift; sourceTree = "<group>"; };
		749157DC29A61B34002F1643 /* TitleSupplementaryView.swift */ = {isa = PBXFileReference; lastKnownFileType = sourcecode.swift; path = TitleSupplementaryView.swift; sourceTree = "<group>"; };
		749157DE29A61BD9002F1643 /* ResourceCell.swift */ = {isa = PBXFileReference; lastKnownFileType = sourcecode.swift; path = ResourceCell.swift; sourceTree = "<group>"; };
		749157E029A6259E002F1643 /* DetailVm.swift */ = {isa = PBXFileReference; lastKnownFileType = sourcecode.swift; path = DetailVm.swift; sourceTree = "<group>"; };
		749157E229A6272F002F1643 /* Storie.swift */ = {isa = PBXFileReference; lastKnownFileType = sourcecode.swift; path = Storie.swift; sourceTree = "<group>"; };
		749157E429A627A4002F1643 /* Event.swift */ = {isa = PBXFileReference; lastKnownFileType = sourcecode.swift; path = Event.swift; sourceTree = "<group>"; };
		749157E629A62855002F1643 /* Serie.swift */ = {isa = PBXFileReference; lastKnownFileType = sourcecode.swift; path = Serie.swift; sourceTree = "<group>"; };
		749157E829A75E1B002F1643 /* ImageFetcher.swift */ = {isa = PBXFileReference; lastKnownFileType = sourcecode.swift; path = ImageFetcher.swift; sourceTree = "<group>"; };
		749157EB29A7B78A002F1643 /* FavoritesVM.swift */ = {isa = PBXFileReference; lastKnownFileType = sourcecode.swift; path = FavoritesVM.swift; sourceTree = "<group>"; };
		74D8AF682993BC66008D5B62 /* Marvel-App.app */ = {isa = PBXFileReference; explicitFileType = wrapper.application; includeInIndex = 0; path = "Marvel-App.app"; sourceTree = BUILT_PRODUCTS_DIR; };
		74D8AF6B2993BC66008D5B62 /* AppDelegate.swift */ = {isa = PBXFileReference; lastKnownFileType = sourcecode.swift; path = AppDelegate.swift; sourceTree = "<group>"; };
		74D8AF6D2993BC66008D5B62 /* SceneDelegate.swift */ = {isa = PBXFileReference; lastKnownFileType = sourcecode.swift; path = SceneDelegate.swift; sourceTree = "<group>"; };
		74D8AF6F2993BC66008D5B62 /* HeroListVC.swift */ = {isa = PBXFileReference; lastKnownFileType = sourcecode.swift; path = HeroListVC.swift; sourceTree = "<group>"; };
		74D8AF742993BC67008D5B62 /* Assets.xcassets */ = {isa = PBXFileReference; lastKnownFileType = folder.assetcatalog; path = Assets.xcassets; sourceTree = "<group>"; };
		74D8AF772993BC67008D5B62 /* Base */ = {isa = PBXFileReference; lastKnownFileType = file.storyboard; name = Base; path = Base.lproj/LaunchScreen.storyboard; sourceTree = "<group>"; };
		74D8AF792993BC67008D5B62 /* Info.plist */ = {isa = PBXFileReference; lastKnownFileType = text.plist.xml; path = Info.plist; sourceTree = "<group>"; };
		74D8AF862993BDB4008D5B62 /* TabbarController.swift */ = {isa = PBXFileReference; lastKnownFileType = sourcecode.swift; path = TabbarController.swift; sourceTree = "<group>"; };
		74D8AF892993C50C008D5B62 /* String+Ext.swift */ = {isa = PBXFileReference; lastKnownFileType = sourcecode.swift; path = "String+Ext.swift"; sourceTree = "<group>"; };
		74D8AF902993F861008D5B62 /* Characters.swift */ = {isa = PBXFileReference; lastKnownFileType = sourcecode.swift; path = Characters.swift; sourceTree = "<group>"; };
		74D8AF9229942987008D5B62 /* UrlConstants.swift */ = {isa = PBXFileReference; lastKnownFileType = sourcecode.swift; path = UrlConstants.swift; sourceTree = "<group>"; };
		74D8AF9629943017008D5B62 /* ErrorMessages.swift */ = {isa = PBXFileReference; lastKnownFileType = sourcecode.swift; path = ErrorMessages.swift; sourceTree = "<group>"; };
		74D8AF9E29951737008D5B62 /* MrLabel.swift */ = {isa = PBXFileReference; lastKnownFileType = sourcecode.swift; path = MrLabel.swift; sourceTree = "<group>"; };
		74D8AFA3299518F5008D5B62 /* HeroCell.swift */ = {isa = PBXFileReference; lastKnownFileType = sourcecode.swift; path = HeroCell.swift; sourceTree = "<group>"; };
		74D8AFA629951945008D5B62 /* ImageView.swift */ = {isa = PBXFileReference; lastKnownFileType = sourcecode.swift; path = ImageView.swift; sourceTree = "<group>"; };
		74D8AFA82995197E008D5B62 /* Constans.swift */ = {isa = PBXFileReference; lastKnownFileType = sourcecode.swift; path = Constans.swift; sourceTree = "<group>"; };
		74D8AFAA29953CA5008D5B62 /* UIView+Ext.swift */ = {isa = PBXFileReference; lastKnownFileType = sourcecode.swift; path = "UIView+Ext.swift"; sourceTree = "<group>"; };
		74D8AFB12996983B008D5B62 /* UIViewController+Ext.swift */ = {isa = PBXFileReference; lastKnownFileType = sourcecode.swift; path = "UIViewController+Ext.swift"; sourceTree = "<group>"; };
		74D8AFBA29969B64008D5B62 /* MrButton.swift */ = {isa = PBXFileReference; lastKnownFileType = sourcecode.swift; path = MrButton.swift; sourceTree = "<group>"; };
		74D8AFBC29996421008D5B62 /* Comics.swift */ = {isa = PBXFileReference; lastKnownFileType = sourcecode.swift; path = Comics.swift; sourceTree = "<group>"; };
		74D8AFBE299A351F008D5B62 /* Thumbnail.swift */ = {isa = PBXFileReference; lastKnownFileType = sourcecode.swift; path = Thumbnail.swift; sourceTree = "<group>"; };
		74D8AFC4299D20BA008D5B62 /* Theme.swift */ = {isa = PBXFileReference; lastKnownFileType = sourcecode.swift; path = Theme.swift; sourceTree = "<group>"; };
		74D8AFF7299E81D3008D5B62 /* DetailVC.swift */ = {isa = PBXFileReference; lastKnownFileType = sourcecode.swift; path = DetailVC.swift; sourceTree = "<group>"; };
		74EB1D2A29A11BC40019569D /* FavoritesButton.swift */ = {isa = PBXFileReference; lastKnownFileType = sourcecode.swift; path = FavoritesButton.swift; sourceTree = "<group>"; };
		74EB1D2C29A178A90019569D /* DisplayableResource.swift */ = {isa = PBXFileReference; lastKnownFileType = sourcecode.swift; path = DisplayableResource.swift; sourceTree = "<group>"; };
		74EB1D2E29A260CF0019569D /* CharacterRequest.swift */ = {isa = PBXFileReference; lastKnownFileType = sourcecode.swift; path = CharacterRequest.swift; sourceTree = "<group>"; };
		74EB1D3029A262080019569D /* Query.swift */ = {isa = PBXFileReference; lastKnownFileType = sourcecode.swift; path = Query.swift; sourceTree = "<group>"; };
		74EB1D3229A2633C0019569D /* Array+Ext.swift */ = {isa = PBXFileReference; lastKnownFileType = sourcecode.swift; path = "Array+Ext.swift"; sourceTree = "<group>"; };
		74EB1D3429A2657C0019569D /* Server.swift */ = {isa = PBXFileReference; lastKnownFileType = sourcecode.swift; path = Server.swift; sourceTree = "<group>"; };
		74EB1D3629A26CE00019569D /* Int+Ext.swift */ = {isa = PBXFileReference; lastKnownFileType = sourcecode.swift; path = "Int+Ext.swift"; sourceTree = "<group>"; };
		74EB1D3829A26E340019569D /* RequestLoader.swift */ = {isa = PBXFileReference; lastKnownFileType = sourcecode.swift; path = RequestLoader.swift; sourceTree = "<group>"; };
		74EB1D3A29A270FD0019569D /* CharacterRequestManager.swift */ = {isa = PBXFileReference; lastKnownFileType = sourcecode.swift; path = CharacterRequestManager.swift; sourceTree = "<group>"; };
		74EB1D3E29A2DB8A0019569D /* DataSource+SnapShot.swift */ = {isa = PBXFileReference; lastKnownFileType = sourcecode.swift; path = "DataSource+SnapShot.swift"; sourceTree = "<group>"; };
		74EB1D4129A2E30F0019569D /* UserFriendlyError.swift */ = {isa = PBXFileReference; lastKnownFileType = sourcecode.swift; path = UserFriendlyError.swift; sourceTree = "<group>"; };
		74EB1D4329A39B9D0019569D /* HeroListVM.swift */ = {isa = PBXFileReference; lastKnownFileType = sourcecode.swift; path = HeroListVM.swift; sourceTree = "<group>"; };
		74EB1D4929A3ADC00019569D /* LoaderResuableView.swift */ = {isa = PBXFileReference; lastKnownFileType = sourcecode.swift; path = LoaderResuableView.swift; sourceTree = "<group>"; };
		74EB1D4B29A3AE210019569D /* UICollectionViewLayoutGenerator.swift */ = {isa = PBXFileReference; lastKnownFileType = sourcecode.swift; path = UICollectionViewLayoutGenerator.swift; sourceTree = "<group>"; };
		74EC2DDB29A4CBD300F2C5A7 /* SearchResultVC.swift */ = {isa = PBXFileReference; lastKnownFileType = sourcecode.swift; path = SearchResultVC.swift; sourceTree = "<group>"; };
		74EC2DDD29A4CBDA00F2C5A7 /* SearchResultVM.swift */ = {isa = PBXFileReference; lastKnownFileType = sourcecode.swift; path = SearchResultVM.swift; sourceTree = "<group>"; };
/* End PBXFileReference section */

/* Begin PBXFrameworksBuildPhase section */
		74D8AF652993BC66008D5B62 /* Frameworks */ = {
			isa = PBXFrameworksBuildPhase;
			buildActionMask = 2147483647;
			files = (
			);
			runOnlyForDeploymentPostprocessing = 0;
		};
/* End PBXFrameworksBuildPhase section */

/* Begin PBXGroup section */
		749157EA29A7B777002F1643 /* Favorites */ = {
			isa = PBXGroup;
			children = (
				744C5C78299EBFFE00C0318F /* FavoriteVC.swift */,
				749157EB29A7B78A002F1643 /* FavoritesVM.swift */,
			);
			path = Favorites;
			sourceTree = "<group>";
		};
		74D8AF5F2993BC66008D5B62 = {
			isa = PBXGroup;
			children = (
				74D8AF6A2993BC66008D5B62 /* Marvel-App */,
				74D8AF692993BC66008D5B62 /* Products */,
			);
			sourceTree = "<group>";
		};
		74D8AF692993BC66008D5B62 /* Products */ = {
			isa = PBXGroup;
			children = (
				74D8AF682993BC66008D5B62 /* Marvel-App.app */,
			);
			name = Products;
			sourceTree = "<group>";
		};
		74D8AF6A2993BC66008D5B62 /* Marvel-App */ = {
			isa = PBXGroup;
			children = (
				74D8AF8F2993F5E9008D5B62 /* Model */,
				74D8AF882993C375008D5B62 /* Utilities */,
				74D8AF802993BCC3008D5B62 /* Networking */,
				74D8AF7F2993BCAE008D5B62 /* Support */,
				74D8AF842993BCE9008D5B62 /* CustomViews */,
				74D8AF832993BCE3008D5B62 /* Screens */,
				74D8AF8B2993C5C5008D5B62 /* Extensions */,
				74D8AF792993BC67008D5B62 /* Info.plist */,
			);
			path = "Marvel-App";
			sourceTree = "<group>";
		};
		74D8AF7F2993BCAE008D5B62 /* Support */ = {
			isa = PBXGroup;
			children = (
				74D8AF6B2993BC66008D5B62 /* AppDelegate.swift */,
				74D8AF6D2993BC66008D5B62 /* SceneDelegate.swift */,
				74D8AF742993BC67008D5B62 /* Assets.xcassets */,
				74D8AF762993BC67008D5B62 /* LaunchScreen.storyboard */,
			);
			path = Support;
			sourceTree = "<group>";
		};
		74D8AF802993BCC3008D5B62 /* Networking */ = {
			isa = PBXGroup;
			children = (
				74EB1D4529A3A86A0019569D /* Character */,
				74EB1D3429A2657C0019569D /* Server.swift */,
				74EB1D3829A26E340019569D /* RequestLoader.swift */,
				749157E829A75E1B002F1643 /* ImageFetcher.swift */,
			);
			path = Networking;
			sourceTree = "<group>";
		};
		74D8AF832993BCE3008D5B62 /* Screens */ = {
			isa = PBXGroup;
			children = (
				74EC2DDA29A4CBC300F2C5A7 /* SearchResult */,
				74EB1D3C29A2DB4F0019569D /* Heroes */,
				74EB1D3D29A2DB5B0019569D /* Detail */,
				749157EA29A7B777002F1643 /* Favorites */,
			);
			path = Screens;
			sourceTree = "<group>";
		};
		74D8AF842993BCE9008D5B62 /* CustomViews */ = {
			isa = PBXGroup;
			children = (
				74EB1D4829A3ADAE0019569D /* CollectionViewResuableViews */,
				74D8AFA529951938008D5B62 /* ImageViews */,
				74D8AFA2299518C8008D5B62 /* Cells */,
				74D8AF9D29951730008D5B62 /* Labels */,
				74D8AFB929969B49008D5B62 /* Buttons */,
				74D8AF852993BDA8008D5B62 /* Tabbar */,
			);
			path = CustomViews;
			sourceTree = "<group>";
		};
		74D8AF852993BDA8008D5B62 /* Tabbar */ = {
			isa = PBXGroup;
			children = (
				74D8AF862993BDB4008D5B62 /* TabbarController.swift */,
			);
			path = Tabbar;
			sourceTree = "<group>";
		};
		74D8AF882993C375008D5B62 /* Utilities */ = {
			isa = PBXGroup;
			children = (
				74D8AF9229942987008D5B62 /* UrlConstants.swift */,
				74D8AF9629943017008D5B62 /* ErrorMessages.swift */,
				74D8AFA82995197E008D5B62 /* Constans.swift */,
				74D8AFC4299D20BA008D5B62 /* Theme.swift */,
				74EB1D4B29A3AE210019569D /* UICollectionViewLayoutGenerator.swift */,
				7407857129A4D4F200CE2AE9 /* Debouncer.swift */,
			);
			path = Utilities;
			sourceTree = "<group>";
		};
		74D8AF8B2993C5C5008D5B62 /* Extensions */ = {
			isa = PBXGroup;
			children = (
				74D8AF892993C50C008D5B62 /* String+Ext.swift */,
				74D8AFAA29953CA5008D5B62 /* UIView+Ext.swift */,
				74D8AFB12996983B008D5B62 /* UIViewController+Ext.swift */,
				74EB1D3229A2633C0019569D /* Array+Ext.swift */,
				74EB1D3629A26CE00019569D /* Int+Ext.swift */,
			);
			path = Extensions;
			sourceTree = "<group>";
		};
		74D8AF8F2993F5E9008D5B62 /* Model */ = {
			isa = PBXGroup;
			children = (
				74EB1D4029A2E3000019569D /* State */,
				74D8AF902993F861008D5B62 /* Characters.swift */,
				74D8AFBC29996421008D5B62 /* Comics.swift */,
				749157E429A627A4002F1643 /* Event.swift */,
				749157E229A6272F002F1643 /* Storie.swift */,
				749157E629A62855002F1643 /* Serie.swift */,
				74D8AFBE299A351F008D5B62 /* Thumbnail.swift */,
				744C5C7A299EEE9000C0318F /* Response.swift */,
				74EB1D2C29A178A90019569D /* DisplayableResource.swift */,
				74EB1D3029A262080019569D /* Query.swift */,
			);
			path = Model;
			sourceTree = "<group>";
		};
		74D8AF9D29951730008D5B62 /* Labels */ = {
			isa = PBXGroup;
			children = (
				74D8AF9E29951737008D5B62 /* MrLabel.swift */,
			);
			path = Labels;
			sourceTree = "<group>";
		};
		74D8AFA2299518C8008D5B62 /* Cells */ = {
			isa = PBXGroup;
			children = (
				74D8AFA3299518F5008D5B62 /* HeroCell.swift */,
				749157DE29A61BD9002F1643 /* ResourceCell.swift */,
			);
			path = Cells;
			sourceTree = "<group>";
		};
		74D8AFA529951938008D5B62 /* ImageViews */ = {
			isa = PBXGroup;
			children = (
				74D8AFA629951945008D5B62 /* ImageView.swift */,
			);
			path = ImageViews;
			sourceTree = "<group>";
		};
		74D8AFB929969B49008D5B62 /* Buttons */ = {
			isa = PBXGroup;
			children = (
				74D8AFBA29969B64008D5B62 /* MrButton.swift */,
				74EB1D2A29A11BC40019569D /* FavoritesButton.swift */,
			);
			path = Buttons;
			sourceTree = "<group>";
		};
		74EB1D3C29A2DB4F0019569D /* Heroes */ = {
			isa = PBXGroup;
			children = (
				74D8AF6F2993BC66008D5B62 /* HeroListVC.swift */,
				74EB1D4329A39B9D0019569D /* HeroListVM.swift */,
				74EB1D3E29A2DB8A0019569D /* DataSource+SnapShot.swift */,
			);
			path = Heroes;
			sourceTree = "<group>";
		};
		74EB1D3D29A2DB5B0019569D /* Detail */ = {
			isa = PBXGroup;
			children = (
				74D8AFF7299E81D3008D5B62 /* DetailVC.swift */,
				749157E029A6259E002F1643 /* DetailVm.swift */,
			);
			path = Detail;
			sourceTree = "<group>";
		};
		74EB1D4029A2E3000019569D /* State */ = {
			isa = PBXGroup;
			children = (
				74EB1D4129A2E30F0019569D /* UserFriendlyError.swift */,
			);
			path = State;
			sourceTree = "<group>";
		};
		74EB1D4529A3A86A0019569D /* Character */ = {
			isa = PBXGroup;
			children = (
				74EB1D3A29A270FD0019569D /* CharacterRequestManager.swift */,
				74EB1D2E29A260CF0019569D /* CharacterRequest.swift */,
			);
			path = Character;
			sourceTree = "<group>";
		};
		74EB1D4829A3ADAE0019569D /* CollectionViewResuableViews */ = {
			isa = PBXGroup;
			children = (
				74EB1D4929A3ADC00019569D /* LoaderResuableView.swift */,
				749157DA29A4EDDD002F1643 /* SearchResuableView.swift */,
				749157DC29A61B34002F1643 /* TitleSupplementaryView.swift */,
			);
			path = CollectionViewResuableViews;
			sourceTree = "<group>";
		};
		74EC2DDA29A4CBC300F2C5A7 /* SearchResult */ = {
			isa = PBXGroup;
			children = (
				74EC2DDB29A4CBD300F2C5A7 /* SearchResultVC.swift */,
				74EC2DDD29A4CBDA00F2C5A7 /* SearchResultVM.swift */,
			);
			path = SearchResult;
			sourceTree = "<group>";
		};
/* End PBXGroup section */

/* Begin PBXNativeTarget section */
		74D8AF672993BC66008D5B62 /* Marvel-App */ = {
			isa = PBXNativeTarget;
			buildConfigurationList = 74D8AF7C2993BC67008D5B62 /* Build configuration list for PBXNativeTarget "Marvel-App" */;
			buildPhases = (
				74D8AF642993BC66008D5B62 /* Sources */,
				74D8AF652993BC66008D5B62 /* Frameworks */,
				74D8AF662993BC66008D5B62 /* Resources */,
			);
			buildRules = (
			);
			dependencies = (
			);
			name = "Marvel-App";
			productName = "Marvel-App";
			productReference = 74D8AF682993BC66008D5B62 /* Marvel-App.app */;
			productType = "com.apple.product-type.application";
		};
/* End PBXNativeTarget section */

/* Begin PBXProject section */
		74D8AF602993BC66008D5B62 /* Project object */ = {
			isa = PBXProject;
			attributes = {
				BuildIndependentTargetsInParallel = 1;
				LastSwiftUpdateCheck = 1420;
				LastUpgradeCheck = 1420;
				TargetAttributes = {
					74D8AF672993BC66008D5B62 = {
						CreatedOnToolsVersion = 14.2;
					};
				};
			};
			buildConfigurationList = 74D8AF632993BC66008D5B62 /* Build configuration list for PBXProject "Marvel-App" */;
			compatibilityVersion = "Xcode 14.0";
			developmentRegion = en;
			hasScannedForEncodings = 0;
			knownRegions = (
				en,
				Base,
			);
			mainGroup = 74D8AF5F2993BC66008D5B62;
			productRefGroup = 74D8AF692993BC66008D5B62 /* Products */;
			projectDirPath = "";
			projectRoot = "";
			targets = (
				74D8AF672993BC66008D5B62 /* Marvel-App */,
			);
		};
/* End PBXProject section */

/* Begin PBXResourcesBuildPhase section */
		74D8AF662993BC66008D5B62 /* Resources */ = {
			isa = PBXResourcesBuildPhase;
			buildActionMask = 2147483647;
			files = (
				74D8AF782993BC67008D5B62 /* LaunchScreen.storyboard in Resources */,
				74D8AF752993BC67008D5B62 /* Assets.xcassets in Resources */,
			);
			runOnlyForDeploymentPostprocessing = 0;
		};
/* End PBXResourcesBuildPhase section */

/* Begin PBXSourcesBuildPhase section */
		74D8AF642993BC66008D5B62 /* Sources */ = {
			isa = PBXSourcesBuildPhase;
			buildActionMask = 2147483647;
			files = (
				74D8AFAB29953CA5008D5B62 /* UIView+Ext.swift in Sources */,
				744C5C79299EBFFE00C0318F /* FavoriteVC.swift in Sources */,
				74D8AFA729951945008D5B62 /* ImageView.swift in Sources */,
				74D8AFB22996983B008D5B62 /* UIViewController+Ext.swift in Sources */,
				74D8AFBB29969B64008D5B62 /* MrButton.swift in Sources */,
				74EB1D4429A39B9D0019569D /* HeroListVM.swift in Sources */,
				74EB1D3329A2633C0019569D /* Array+Ext.swift in Sources */,
				74EB1D2F29A260CF0019569D /* CharacterRequest.swift in Sources */,
				74EB1D4A29A3ADC00019569D /* LoaderResuableView.swift in Sources */,
				7407857229A4D4F200CE2AE9 /* Debouncer.swift in Sources */,
				749157DF29A61BD9002F1643 /* ResourceCell.swift in Sources */,
				74D8AFBD29996421008D5B62 /* Comics.swift in Sources */,
				749157E329A6272F002F1643 /* Storie.swift in Sources */,
				74D8AF8A2993C50C008D5B62 /* String+Ext.swift in Sources */,
				74D8AFA92995197E008D5B62 /* Constans.swift in Sources */,
				74EB1D4229A2E30F0019569D /* UserFriendlyError.swift in Sources */,
				74EC2DDC29A4CBD300F2C5A7 /* SearchResultVC.swift in Sources */,
				74EC2DDE29A4CBDA00F2C5A7 /* SearchResultVM.swift in Sources */,
				744C5C7B299EEE9000C0318F /* Response.swift in Sources */,
				749157EC29A7B78A002F1643 /* FavoritesVM.swift in Sources */,
				749157E129A6259E002F1643 /* DetailVm.swift in Sources */,
				74EB1D2B29A11BC40019569D /* FavoritesButton.swift in Sources */,
				74D8AF912993F861008D5B62 /* Characters.swift in Sources */,
				74EB1D3729A26CE00019569D /* Int+Ext.swift in Sources */,
				74EB1D3B29A270FD0019569D /* CharacterRequestManager.swift in Sources */,
				74D8AF702993BC66008D5B62 /* HeroListVC.swift in Sources */,
				74D8AFF8299E81D3008D5B62 /* DetailVC.swift in Sources */,
				74EB1D3F29A2DB8A0019569D /* DataSource+SnapShot.swift in Sources */,
				74D8AFC5299D20BA008D5B62 /* Theme.swift in Sources */,
				74D8AFA4299518F5008D5B62 /* HeroCell.swift in Sources */,
				74EB1D3929A26E340019569D /* RequestLoader.swift in Sources */,
				74D8AF6C2993BC66008D5B62 /* AppDelegate.swift in Sources */,
				749157E929A75E1B002F1643 /* ImageFetcher.swift in Sources */,
				749157E729A62855002F1643 /* Serie.swift in Sources */,
				74D8AF9329942987008D5B62 /* UrlConstants.swift in Sources */,
				74EB1D2D29A178A90019569D /* DisplayableResource.swift in Sources */,
				74D8AF872993BDB4008D5B62 /* TabbarController.swift in Sources */,
				74D8AFBF299A351F008D5B62 /* Thumbnail.swift in Sources */,
				74EB1D3129A262080019569D /* Query.swift in Sources */,
				749157E529A627A4002F1643 /* Event.swift in Sources */,
				74D8AF9729943017008D5B62 /* ErrorMessages.swift in Sources */,
				74EB1D3529A2657C0019569D /* Server.swift in Sources */,
				749157DD29A61B34002F1643 /* TitleSupplementaryView.swift in Sources */,
				74D8AF9F29951737008D5B62 /* MrLabel.swift in Sources */,
				74D8AF6E2993BC66008D5B62 /* SceneDelegate.swift in Sources */,
				74EB1D4C29A3AE210019569D /* UICollectionViewLayoutGenerator.swift in Sources */,
				749157DB29A4EDDD002F1643 /* SearchResuableView.swift in Sources */,
			);
			runOnlyForDeploymentPostprocessing = 0;
		};
/* End PBXSourcesBuildPhase section */

/* Begin PBXVariantGroup section */
		74D8AF762993BC67008D5B62 /* LaunchScreen.storyboard */ = {
			isa = PBXVariantGroup;
			children = (
				74D8AF772993BC67008D5B62 /* Base */,
			);
			name = LaunchScreen.storyboard;
			sourceTree = "<group>";
		};
/* End PBXVariantGroup section */

/* Begin XCBuildConfiguration section */
		74D8AF7A2993BC67008D5B62 /* Debug */ = {
			isa = XCBuildConfiguration;
			buildSettings = {
				ALWAYS_SEARCH_USER_PATHS = NO;
				CLANG_ANALYZER_NONNULL = YES;
				CLANG_ANALYZER_NUMBER_OBJECT_CONVERSION = YES_AGGRESSIVE;
				CLANG_CXX_LANGUAGE_STANDARD = "gnu++20";
				CLANG_ENABLE_MODULES = YES;
				CLANG_ENABLE_OBJC_ARC = YES;
				CLANG_ENABLE_OBJC_WEAK = YES;
				CLANG_WARN_BLOCK_CAPTURE_AUTORELEASING = YES;
				CLANG_WARN_BOOL_CONVERSION = YES;
				CLANG_WARN_COMMA = YES;
				CLANG_WARN_CONSTANT_CONVERSION = YES;
				CLANG_WARN_DEPRECATED_OBJC_IMPLEMENTATIONS = YES;
				CLANG_WARN_DIRECT_OBJC_ISA_USAGE = YES_ERROR;
				CLANG_WARN_DOCUMENTATION_COMMENTS = YES;
				CLANG_WARN_EMPTY_BODY = YES;
				CLANG_WARN_ENUM_CONVERSION = YES;
				CLANG_WARN_INFINITE_RECURSION = YES;
				CLANG_WARN_INT_CONVERSION = YES;
				CLANG_WARN_NON_LITERAL_NULL_CONVERSION = YES;
				CLANG_WARN_OBJC_IMPLICIT_RETAIN_SELF = YES;
				CLANG_WARN_OBJC_LITERAL_CONVERSION = YES;
				CLANG_WARN_OBJC_ROOT_CLASS = YES_ERROR;
				CLANG_WARN_QUOTED_INCLUDE_IN_FRAMEWORK_HEADER = YES;
				CLANG_WARN_RANGE_LOOP_ANALYSIS = YES;
				CLANG_WARN_STRICT_PROTOTYPES = YES;
				CLANG_WARN_SUSPICIOUS_MOVE = YES;
				CLANG_WARN_UNGUARDED_AVAILABILITY = YES_AGGRESSIVE;
				CLANG_WARN_UNREACHABLE_CODE = YES;
				CLANG_WARN__DUPLICATE_METHOD_MATCH = YES;
				COPY_PHASE_STRIP = NO;
				DEBUG_INFORMATION_FORMAT = dwarf;
				ENABLE_STRICT_OBJC_MSGSEND = YES;
				ENABLE_TESTABILITY = YES;
				GCC_C_LANGUAGE_STANDARD = gnu11;
				GCC_DYNAMIC_NO_PIC = NO;
				GCC_NO_COMMON_BLOCKS = YES;
				GCC_OPTIMIZATION_LEVEL = 0;
				GCC_PREPROCESSOR_DEFINITIONS = (
					"DEBUG=1",
					"$(inherited)",
				);
				GCC_WARN_64_TO_32_BIT_CONVERSION = YES;
				GCC_WARN_ABOUT_RETURN_TYPE = YES_ERROR;
				GCC_WARN_UNDECLARED_SELECTOR = YES;
				GCC_WARN_UNINITIALIZED_AUTOS = YES_AGGRESSIVE;
				GCC_WARN_UNUSED_FUNCTION = YES;
				GCC_WARN_UNUSED_VARIABLE = YES;
				IPHONEOS_DEPLOYMENT_TARGET = 15.2;
				MTL_ENABLE_DEBUG_INFO = INCLUDE_SOURCE;
				MTL_FAST_MATH = YES;
				ONLY_ACTIVE_ARCH = YES;
				SDKROOT = iphoneos;
				SWIFT_ACTIVE_COMPILATION_CONDITIONS = DEBUG;
				SWIFT_OPTIMIZATION_LEVEL = "-Onone";
			};
			name = Debug;
		};
		74D8AF7B2993BC67008D5B62 /* Release */ = {
			isa = XCBuildConfiguration;
			buildSettings = {
				ALWAYS_SEARCH_USER_PATHS = NO;
				CLANG_ANALYZER_NONNULL = YES;
				CLANG_ANALYZER_NUMBER_OBJECT_CONVERSION = YES_AGGRESSIVE;
				CLANG_CXX_LANGUAGE_STANDARD = "gnu++20";
				CLANG_ENABLE_MODULES = YES;
				CLANG_ENABLE_OBJC_ARC = YES;
				CLANG_ENABLE_OBJC_WEAK = YES;
				CLANG_WARN_BLOCK_CAPTURE_AUTORELEASING = YES;
				CLANG_WARN_BOOL_CONVERSION = YES;
				CLANG_WARN_COMMA = YES;
				CLANG_WARN_CONSTANT_CONVERSION = YES;
				CLANG_WARN_DEPRECATED_OBJC_IMPLEMENTATIONS = YES;
				CLANG_WARN_DIRECT_OBJC_ISA_USAGE = YES_ERROR;
				CLANG_WARN_DOCUMENTATION_COMMENTS = YES;
				CLANG_WARN_EMPTY_BODY = YES;
				CLANG_WARN_ENUM_CONVERSION = YES;
				CLANG_WARN_INFINITE_RECURSION = YES;
				CLANG_WARN_INT_CONVERSION = YES;
				CLANG_WARN_NON_LITERAL_NULL_CONVERSION = YES;
				CLANG_WARN_OBJC_IMPLICIT_RETAIN_SELF = YES;
				CLANG_WARN_OBJC_LITERAL_CONVERSION = YES;
				CLANG_WARN_OBJC_ROOT_CLASS = YES_ERROR;
				CLANG_WARN_QUOTED_INCLUDE_IN_FRAMEWORK_HEADER = YES;
				CLANG_WARN_RANGE_LOOP_ANALYSIS = YES;
				CLANG_WARN_STRICT_PROTOTYPES = YES;
				CLANG_WARN_SUSPICIOUS_MOVE = YES;
				CLANG_WARN_UNGUARDED_AVAILABILITY = YES_AGGRESSIVE;
				CLANG_WARN_UNREACHABLE_CODE = YES;
				CLANG_WARN__DUPLICATE_METHOD_MATCH = YES;
				COPY_PHASE_STRIP = NO;
				DEBUG_INFORMATION_FORMAT = "dwarf-with-dsym";
				ENABLE_NS_ASSERTIONS = NO;
				ENABLE_STRICT_OBJC_MSGSEND = YES;
				GCC_C_LANGUAGE_STANDARD = gnu11;
				GCC_NO_COMMON_BLOCKS = YES;
				GCC_WARN_64_TO_32_BIT_CONVERSION = YES;
				GCC_WARN_ABOUT_RETURN_TYPE = YES_ERROR;
				GCC_WARN_UNDECLARED_SELECTOR = YES;
				GCC_WARN_UNINITIALIZED_AUTOS = YES_AGGRESSIVE;
				GCC_WARN_UNUSED_FUNCTION = YES;
				GCC_WARN_UNUSED_VARIABLE = YES;
				IPHONEOS_DEPLOYMENT_TARGET = 15.2;
				MTL_ENABLE_DEBUG_INFO = NO;
				MTL_FAST_MATH = YES;
				SDKROOT = iphoneos;
				SWIFT_COMPILATION_MODE = wholemodule;
				SWIFT_OPTIMIZATION_LEVEL = "-O";
				VALIDATE_PRODUCT = YES;
			};
			name = Release;
		};
		74D8AF7D2993BC67008D5B62 /* Debug */ = {
			isa = XCBuildConfiguration;
			buildSettings = {
				ASSETCATALOG_COMPILER_APPICON_NAME = AppIcon;
				ASSETCATALOG_COMPILER_GLOBAL_ACCENT_COLOR_NAME = AccentColor;
				CODE_SIGN_STYLE = Automatic;
				CURRENT_PROJECT_VERSION = 1;
				DEVELOPMENT_TEAM = 3JFC7AD7WA;
				GENERATE_INFOPLIST_FILE = YES;
				INFOPLIST_FILE = "Marvel-App/Info.plist";
				INFOPLIST_KEY_UIApplicationSupportsIndirectInputEvents = YES;
				INFOPLIST_KEY_UILaunchStoryboardName = LaunchScreen;
				INFOPLIST_KEY_UISupportedInterfaceOrientations_iPad = "UIInterfaceOrientationPortrait UIInterfaceOrientationPortraitUpsideDown UIInterfaceOrientationLandscapeLeft UIInterfaceOrientationLandscapeRight";
				INFOPLIST_KEY_UISupportedInterfaceOrientations_iPhone = "UIInterfaceOrientationPortrait UIInterfaceOrientationLandscapeLeft UIInterfaceOrientationLandscapeRight";
				IPHONEOS_DEPLOYMENT_TARGET = 15.2;
				LD_RUNPATH_SEARCH_PATHS = (
					"$(inherited)",
					"@executable_path/Frameworks",
				);
				MARKETING_VERSION = 1.0;
				PRODUCT_BUNDLE_IDENTIFIER = "comMuhammed.Marvel-App";
				PRODUCT_NAME = "$(TARGET_NAME)";
				SUPPORTED_PLATFORMS = "iphoneos iphonesimulator";
				SUPPORTS_MACCATALYST = NO;
				SUPPORTS_MAC_DESIGNED_FOR_IPHONE_IPAD = NO;
				SWIFT_EMIT_LOC_STRINGS = YES;
				SWIFT_VERSION = 5.0;
				TARGETED_DEVICE_FAMILY = 1;
			};
			name = Debug;
		};
		74D8AF7E2993BC67008D5B62 /* Release */ = {
			isa = XCBuildConfiguration;
			buildSettings = {
				ASSETCATALOG_COMPILER_APPICON_NAME = AppIcon;
				ASSETCATALOG_COMPILER_GLOBAL_ACCENT_COLOR_NAME = AccentColor;
				CODE_SIGN_STYLE = Automatic;
				CURRENT_PROJECT_VERSION = 1;
				DEVELOPMENT_TEAM = 3JFC7AD7WA;
				GENERATE_INFOPLIST_FILE = YES;
				INFOPLIST_FILE = "Marvel-App/Info.plist";
				INFOPLIST_KEY_UIApplicationSupportsIndirectInputEvents = YES;
				INFOPLIST_KEY_UILaunchStoryboardName = LaunchScreen;
				INFOPLIST_KEY_UISupportedInterfaceOrientations_iPad = "UIInterfaceOrientationPortrait UIInterfaceOrientationPortraitUpsideDown UIInterfaceOrientationLandscapeLeft UIInterfaceOrientationLandscapeRight";
				INFOPLIST_KEY_UISupportedInterfaceOrientations_iPhone = "UIInterfaceOrientationPortrait UIInterfaceOrientationLandscapeLeft UIInterfaceOrientationLandscapeRight";
				IPHONEOS_DEPLOYMENT_TARGET = 15.2;
				LD_RUNPATH_SEARCH_PATHS = (
					"$(inherited)",
					"@executable_path/Frameworks",
				);
				MARKETING_VERSION = 1.0;
				PRODUCT_BUNDLE_IDENTIFIER = "comMuhammed.Marvel-App";
				PRODUCT_NAME = "$(TARGET_NAME)";
				SUPPORTED_PLATFORMS = "iphoneos iphonesimulator";
				SUPPORTS_MACCATALYST = NO;
				SUPPORTS_MAC_DESIGNED_FOR_IPHONE_IPAD = NO;
				SWIFT_EMIT_LOC_STRINGS = YES;
				SWIFT_VERSION = 5.0;
				TARGETED_DEVICE_FAMILY = 1;
			};
			name = Release;
		};
/* End XCBuildConfiguration section */

/* Begin XCConfigurationList section */
		74D8AF632993BC66008D5B62 /* Build configuration list for PBXProject "Marvel-App" */ = {
			isa = XCConfigurationList;
			buildConfigurations = (
				74D8AF7A2993BC67008D5B62 /* Debug */,
				74D8AF7B2993BC67008D5B62 /* Release */,
			);
			defaultConfigurationIsVisible = 0;
			defaultConfigurationName = Release;
		};
		74D8AF7C2993BC67008D5B62 /* Build configuration list for PBXNativeTarget "Marvel-App" */ = {
			isa = XCConfigurationList;
			buildConfigurations = (
				74D8AF7D2993BC67008D5B62 /* Debug */,
				74D8AF7E2993BC67008D5B62 /* Release */,
			);
			defaultConfigurationIsVisible = 0;
			defaultConfigurationName = Release;
		};
/* End XCConfigurationList section */
	};
	rootObject = 74D8AF602993BC66008D5B62 /* Project object */;
}
